{
  "nodes": {
    "grimoire": {
      "inputs": {
        "nixpkgs": "nixpkgs"
      },
      "locked": {
        "lastModified": 1767366262,
        "narHash": "sha256-hKmkQntu84h4kTr0sd2bGQluSig45cvXO8b4Pm60eCo=",
        "owner": "emiliopalmerini",
        "repo": "grimoire",
        "rev": "9579948187b4fedb470ebb7c7ab9b770f19c0431",
        "type": "github"
      },
      "original": {
        "owner": "emiliopalmerini",
        "repo": "grimoire",
        "type": "github"
      }
    },
    "home-manager": {
      "inputs": {
        "nixpkgs": [
          "nixpkgs"
        ]
      },
      "locked": {
        "lastModified": 1765172714,
        "narHash": "sha256-/cjofqGxSWpRj2XJM+Bd5VUgWDkBWSxxO//HE+zOHMY=",
        "owner": "nix-community",
        "repo": "home-manager",
        "rev": "a7887340779d5e70ef68012f3823568ee59eaa30",
        "type": "github"
      },
      "original": {
        "owner": "nix-community",
        "repo": "home-manager",
        "type": "github"
      }
    },
    "home-manager_2": {
      "inputs": {
        "nixpkgs": [
          "zen-browser",
          "nixpkgs"
        ]
      },
      "locked": {
        "lastModified": 1762964643,
        "narHash": "sha256-RYHN8O/Aja59XDji6WSJZPkJpYVUfpSkyH+PEupBJqM=",
        "owner": "nix-community",
        "repo": "home-manager",
        "rev": "827f2a23373a774a8805f84ca5344654c31f354b",
        "type": "github"
      },
      "original": {
        "owner": "nix-community",
        "repo": "home-manager",
        "type": "github"
      }
    },
    "nix-darwin": {
      "inputs": {
        "nixpkgs": [
          "nixpkgs"
        ]
      },
      "locked": {
        "lastModified": 1765065051,
        "narHash": "sha256-b7W9WsvyMOkUScNxbzS45KEJp0iiqRPyJ1I3JBE+oEE=",
        "owner": "LnL7",
        "repo": "nix-darwin",
        "rev": "7e22bf538aa3e0937effcb1cee73d5f1bcc26f79",
        "type": "github"
      },
      "original": {
        "owner": "LnL7",
        "repo": "nix-darwin",
        "type": "github"
      }
    },
    "nixpkgs": {
      "locked": {
        "lastModified": 1767116409,
        "narHash": "sha256-5vKw92l1GyTnjoLzEagJy5V5mDFck72LiQWZSOnSicw=",
        "owner": "NixOS",
        "repo": "nixpkgs",
        "rev": "cad22e7d996aea55ecab064e84834289143e44a0",
        "type": "github"
      },
      "original": {
        "owner": "NixOS",
        "ref": "nixos-unstable",
        "repo": "nixpkgs",
        "type": "github"
      }
    },
    "nixpkgs_2": {
      "locked": {
        "lastModified": 1764950072,
        "narHash": "sha256-BmPWzogsG2GsXZtlT+MTcAWeDK5hkbGRZTeZNW42fwA=",
        "owner": "NixOS",
        "repo": "nixpkgs",
        "rev": "f61125a668a320878494449750330ca58b78c557",
        "type": "github"
      },
      "original": {
        "id": "nixpkgs",
        "ref": "nixos-unstable",
        "type": "indirect"
      }
    },
    "plugin-harpoon": {
      "flake": false,
      "locked": {
        "lastModified": 1761924951,
        "narHash": "sha256-qQSPVMdldksNZDPZvnTiXxty+GSUqMGz8nYEFDRezrQ=",
        "ref": "harpoon2",
        "rev": "87b1a3506211538f460786c23f98ec63ad9af4e5",
        "revCount": 472,
        "type": "git",
        "url": "https://github.com/ThePrimeagen/harpoon"
      },
      "original": {
        "ref": "harpoon2",
        "type": "git",
        "url": "https://github.com/ThePrimeagen/harpoon"
      }
    },
    "root": {
      "inputs": {
        "grimoire": "grimoire",
        "home-manager": "home-manager",
        "nix-darwin": "nix-darwin",
        "nixpkgs": "nixpkgs_2",
        "plugin-harpoon": "plugin-harpoon",
        "zen-browser": "zen-browser"
      }
    },
    "zen-browser": {
      "inputs": {
        "home-manager": "home-manager_2",
        "nixpkgs": [
          "nixpkgs"
        ]
      },
      "locked": {
        "lastModified": 1765175766,
        "narHash": "sha256-M4zs4bVUv0UNuVGspwwlcGs5FpCDt52LQBA5a9nj5Lg=",
        "owner": "0xc000022070",
        "repo": "zen-browser-flake",
        "rev": "5126a8426773dc213a8c0f0d646aca116194dab6",
        "type": "github"
      },
      "original": {
        "owner": "0xc000022070",
        "repo": "zen-browser-flake",
        "type": "github"
      }
    }
  },
  "root": "root",
  "version": 7
}
